
Microsoft Visual Studio Solution File, Format Version 12.00
# Visual Studio Version 17
VisualStudioVersion = 17.9.34607.119
MinimumVisualStudioVersion = 10.0.40219.1
Project("{2150E333-8FDC-42A3-9474-1A3956D46DE8}") = "Chapter01", "Chapter01", "{A618494B-2D31-4450-B104-8D10DE7E3BC9}"
EndProject
Project("{FAE04EC0-301F-11D3-BF4B-00C04F79EFBC}") = "ProductSample", "Chapter01\ProductSample\ProductSample.csproj", "{7157D3BC-6EF5-4B81-A1FA-4F55F7492631}"
EndProject
Project("{FAE04EC0-301F-11D3-BF4B-00C04F79EFBC}") = "Sample_p38", "Chapter01\Sample_p38\Sample_p38.csproj", "{13F639BD-04E9-431C-A6DA-99A820F7870D}"
EndProject
Project("{2150E333-8FDC-42A3-9474-1A3956D46DE8}") = "Chapter02", "Chapter02", "{AA7867C6-FF0C-4A34-8F88-FB23645121C6}"
EndProject
Project("{2150E333-8FDC-42A3-9474-1A3956D46DE8}") = "距離換算プログラム", "距離換算プログラム", "{23E67B8A-FD3A-42B8-BCE2-B9FAA7BB847B}"
EndProject
Project("{FAE04EC0-301F-11D3-BF4B-00C04F79EFBC}") = "DistanceConverter", "Chapter02\DistanceConverter\DistanceConverter.csproj", "{75AF8965-A8A8-4FDC-8B4C-BF1D142FA8DF}"
EndProject
Project("{2150E333-8FDC-42A3-9474-1A3956D46DE8}") = "売り上げ集計プログラム", "売り上げ集計プログラム", "{DBCDA997-F191-4B3F-8269-37B40A6B39AB}"
EndProject
Project("{FAE04EC0-301F-11D3-BF4B-00C04F79EFBC}") = "SalesCounter", "Chapter02\SalesCounter\SalesCounter.csproj", "{8E6BC394-1CC4-4313-BCF8-4F4A45D91D2A}"
EndProject
Project("{2150E333-8FDC-42A3-9474-1A3956D46DE8}") = "#演習問題", "#演習問題", "{70061051-237C-4BD0-95A6-7B5143EF252D}"
EndProject
Project("{FAE04EC0-301F-11D3-BF4B-00C04F79EFBC}") = "Exercize1", "Chapter02\演習問題\Exercize1\Exercize1.csproj", "{BFA0BA66-2B37-4782-A14A-2BCB484A1491}"
EndProject
Project("{FAE04EC0-301F-11D3-BF4B-00C04F79EFBC}") = "Exersize2", "Chapter02\演習問題\Exersize2\Exersize2.csproj", "{C71DD257-5375-4027-A15B-4EE15D37137F}"
EndProject
Project("{2150E333-8FDC-42A3-9474-1A3956D46DE8}") = "FormApps", "FormApps", "{341C9E7A-720F-4C4F-AE59-8AA4B7C83561}"
EndProject
Project("{9A19103F-16F7-4668-BE54-9A1E7A4F7556}") = "BallApp", "FormApps\BallApp\BallApp.csproj", "{1FAFDD6E-EAA1-467C-A6CE-456E3D4A9230}"
EndProject
Project("{2150E333-8FDC-42A3-9474-1A3956D46DE8}") = "Chapter03", "Chapter03", "{AA558377-3E64-4F63-BFEC-5706747D7958}"
EndProject
Project("{FAE04EC0-301F-11D3-BF4B-00C04F79EFBC}") = "Section01", "Chapter03\Section01\Section01.csproj", "{C2A537AF-A6BA-44AF-B390-81E52012419F}"
EndProject
Project("{2150E333-8FDC-42A3-9474-1A3956D46DE8}") = "演習問題", "演習問題", "{9B55F010-6F67-481F-9612-4A5BB549AE5F}"
EndProject
Project("{FAE04EC0-301F-11D3-BF4B-00C04F79EFBC}") = "Exercise01", "Chapter03\演習問題\Exercize01\Exercise01.csproj", "{27189260-EF2A-4E64-975E-AE5363683AC8}"
EndProject
Project("{FAE04EC0-301F-11D3-BF4B-00C04F79EFBC}") = "Exercise02", "Chapter03\演習問題\Exercise02\Exercise02.csproj", "{8FD06794-8AE8-4E19-9390-614871CF3BD6}"
EndProject
Project("{2150E333-8FDC-42A3-9474-1A3956D46DE8}") = "Chapter04", "Chapter04", "{ECFB51E4-C99F-4462-947B-90D84EDF0619}"
EndProject
Project("{FAE04EC0-301F-11D3-BF4B-00C04F79EFBC}") = "Section01", "Chapter04\Section01\Section01.csproj", "{0644C16A-369E-41CF-87E6-715483D8C8E2}"
EndProject
Project("{2150E333-8FDC-42A3-9474-1A3956D46DE8}") = "演習問題", "演習問題", "{AA1F6809-FD1A-47F2-A93A-D8FA4315571C}"
EndProject
Project("{FAE04EC0-301F-11D3-BF4B-00C04F79EFBC}") = "Exercise01", "Chapter04\演習問題\Exercise01\Exercise01.csproj", "{04896126-1199-46D5-8F96-6B7FC87B3CCB}"
EndProject
Project("{FAE04EC0-301F-11D3-BF4B-00C04F79EFBC}") = "Exercise02", "Chapter04\演習問題\Exercise02\Exercise02.csproj", "{7F42C40F-DC68-4735-B95D-9EE4992C620D}"
EndProject
Project("{2150E333-8FDC-42A3-9474-1A3956D46DE8}") = "Chapter05", "Chapter05", "{3310DFC7-E3AA-46BA-B6B8-D44F45A298B4}"
EndProject
Project("{2150E333-8FDC-42A3-9474-1A3956D46DE8}") = "演習問題", "演習問題", "{8A840760-7713-42A1-9D6E-C255E2D72456}"
EndProject
Project("{FAE04EC0-301F-11D3-BF4B-00C04F79EFBC}") = "Exercise01", "Chapter05\演習問題\Exercize01\Exercise01.csproj", "{064C1CE9-112A-492C-A6D9-8E7996CB5718}"
EndProject
Project("{FAE04EC0-301F-11D3-BF4B-00C04F79EFBC}") = "Exercise02", "Chapter05\演習問題\Exercise02\Exercise02.csproj", "{EFDAEA48-D69E-4F81-B9C0-1BFE08FA9E63}"
EndProject
Project("{FAE04EC0-301F-11D3-BF4B-00C04F79EFBC}") = "Exercise03", "Chapter05\演習問題\Exercise03\Exercise03.csproj", "{637D65BA-E607-494C-BC8D-72A94F0565FC}"
EndProject
Project("{FAE04EC0-301F-11D3-BF4B-00C04F79EFBC}") = "Exercise04", "Chapter05\演習問題\Exercise04\Exercise04\Exercise04.csproj", "{0B34C95A-6FF8-44E2-84D3-61F954896BA8}"
EndProject
Project("{2150E333-8FDC-42A3-9474-1A3956D46DE8}") = "Chapter07", "Chapter07", "{A9638EA2-CCD3-449A-BBA9-858682223012}"
EndProject
Project("{FAE04EC0-301F-11D3-BF4B-00C04F79EFBC}") = "Section01", "Chapter07\Section01\Section01.csproj", "{E1C4CB9B-FB5A-4C55-90EF-6AE85724A175}"
EndProject
Project("{2150E333-8FDC-42A3-9474-1A3956D46DE8}") = "Chapter06", "Chapter06", "{6892A40A-0E54-491C-BB41-9DD53CEB435B}"
EndProject
Project("{FAE04EC0-301F-11D3-BF4B-00C04F79EFBC}") = "Section01", "Chapter06\Section01\Section01.csproj", "{9C21CE1F-6346-424E-B7B8-019625F2C2BB}"
EndProject
Project("{2150E333-8FDC-42A3-9474-1A3956D46DE8}") = "演習問題", "演習問題", "{CD6782F6-00DF-4CF8-BEAE-0CAA3532E465}"
EndProject
Project("{FAE04EC0-301F-11D3-BF4B-00C04F79EFBC}") = "Exercise01", "Chapter06\演習問題\Exercise01\Exercise01.csproj", "{E989DAA4-70DA-4B02-9BBE-5607F8A393AA}"
EndProject
Project("{FAE04EC0-301F-11D3-BF4B-00C04F79EFBC}") = "Exercise02", "Chapter06\演習問題\Exercise02\Exercise02.csproj", "{707A05C0-4366-43CC-AC4C-E519E006E38F}"
EndProject
Global
	GlobalSection(SolutionConfigurationPlatforms) = preSolution
		Debug|Any CPU = Debug|Any CPU
		Release|Any CPU = Release|Any CPU
	EndGlobalSection
	GlobalSection(ProjectConfigurationPlatforms) = postSolution
		{7157D3BC-6EF5-4B81-A1FA-4F55F7492631}.Debug|Any CPU.ActiveCfg = Debug|Any CPU
		{7157D3BC-6EF5-4B81-A1FA-4F55F7492631}.Debug|Any CPU.Build.0 = Debug|Any CPU
		{7157D3BC-6EF5-4B81-A1FA-4F55F7492631}.Release|Any CPU.ActiveCfg = Release|Any CPU
		{7157D3BC-6EF5-4B81-A1FA-4F55F7492631}.Release|Any CPU.Build.0 = Release|Any CPU
		{13F639BD-04E9-431C-A6DA-99A820F7870D}.Debug|Any CPU.ActiveCfg = Debug|Any CPU
		{13F639BD-04E9-431C-A6DA-99A820F7870D}.Debug|Any CPU.Build.0 = Debug|Any CPU
		{13F639BD-04E9-431C-A6DA-99A820F7870D}.Release|Any CPU.ActiveCfg = Release|Any CPU
		{13F639BD-04E9-431C-A6DA-99A820F7870D}.Release|Any CPU.Build.0 = Release|Any CPU
		{75AF8965-A8A8-4FDC-8B4C-BF1D142FA8DF}.Debug|Any CPU.ActiveCfg = Debug|Any CPU
		{75AF8965-A8A8-4FDC-8B4C-BF1D142FA8DF}.Debug|Any CPU.Build.0 = Debug|Any CPU
		{75AF8965-A8A8-4FDC-8B4C-BF1D142FA8DF}.Release|Any CPU.ActiveCfg = Release|Any CPU
		{75AF8965-A8A8-4FDC-8B4C-BF1D142FA8DF}.Release|Any CPU.Build.0 = Release|Any CPU
		{8E6BC394-1CC4-4313-BCF8-4F4A45D91D2A}.Debug|Any CPU.ActiveCfg = Debug|Any CPU
		{8E6BC394-1CC4-4313-BCF8-4F4A45D91D2A}.Debug|Any CPU.Build.0 = Debug|Any CPU
		{8E6BC394-1CC4-4313-BCF8-4F4A45D91D2A}.Release|Any CPU.ActiveCfg = Release|Any CPU
		{8E6BC394-1CC4-4313-BCF8-4F4A45D91D2A}.Release|Any CPU.Build.0 = Release|Any CPU
		{BFA0BA66-2B37-4782-A14A-2BCB484A1491}.Debug|Any CPU.ActiveCfg = Debug|Any CPU
		{BFA0BA66-2B37-4782-A14A-2BCB484A1491}.Debug|Any CPU.Build.0 = Debug|Any CPU
		{BFA0BA66-2B37-4782-A14A-2BCB484A1491}.Release|Any CPU.ActiveCfg = Release|Any CPU
		{BFA0BA66-2B37-4782-A14A-2BCB484A1491}.Release|Any CPU.Build.0 = Release|Any CPU
		{C71DD257-5375-4027-A15B-4EE15D37137F}.Debug|Any CPU.ActiveCfg = Debug|Any CPU
		{C71DD257-5375-4027-A15B-4EE15D37137F}.Debug|Any CPU.Build.0 = Debug|Any CPU
		{C71DD257-5375-4027-A15B-4EE15D37137F}.Release|Any CPU.ActiveCfg = Release|Any CPU
		{C71DD257-5375-4027-A15B-4EE15D37137F}.Release|Any CPU.Build.0 = Release|Any CPU
		{1FAFDD6E-EAA1-467C-A6CE-456E3D4A9230}.Debug|Any CPU.ActiveCfg = Debug|Any CPU
		{1FAFDD6E-EAA1-467C-A6CE-456E3D4A9230}.Debug|Any CPU.Build.0 = Debug|Any CPU
		{1FAFDD6E-EAA1-467C-A6CE-456E3D4A9230}.Release|Any CPU.ActiveCfg = Release|Any CPU
		{1FAFDD6E-EAA1-467C-A6CE-456E3D4A9230}.Release|Any CPU.Build.0 = Release|Any CPU
		{C2A537AF-A6BA-44AF-B390-81E52012419F}.Debug|Any CPU.ActiveCfg = Debug|Any CPU
		{C2A537AF-A6BA-44AF-B390-81E52012419F}.Debug|Any CPU.Build.0 = Debug|Any CPU
		{C2A537AF-A6BA-44AF-B390-81E52012419F}.Release|Any CPU.ActiveCfg = Release|Any CPU
		{C2A537AF-A6BA-44AF-B390-81E52012419F}.Release|Any CPU.Build.0 = Release|Any CPU
		{27189260-EF2A-4E64-975E-AE5363683AC8}.Debug|Any CPU.ActiveCfg = Debug|Any CPU
		{27189260-EF2A-4E64-975E-AE5363683AC8}.Debug|Any CPU.Build.0 = Debug|Any CPU
		{27189260-EF2A-4E64-975E-AE5363683AC8}.Release|Any CPU.ActiveCfg = Release|Any CPU
		{27189260-EF2A-4E64-975E-AE5363683AC8}.Release|Any CPU.Build.0 = Release|Any CPU
		{8FD06794-8AE8-4E19-9390-614871CF3BD6}.Debug|Any CPU.ActiveCfg = Debug|Any CPU
		{8FD06794-8AE8-4E19-9390-614871CF3BD6}.Debug|Any CPU.Build.0 = Debug|Any CPU
		{8FD06794-8AE8-4E19-9390-614871CF3BD6}.Release|Any CPU.ActiveCfg = Release|Any CPU
		{8FD06794-8AE8-4E19-9390-614871CF3BD6}.Release|Any CPU.Build.0 = Release|Any CPU
		{0644C16A-369E-41CF-87E6-715483D8C8E2}.Debug|Any CPU.ActiveCfg = Debug|Any CPU
		{0644C16A-369E-41CF-87E6-715483D8C8E2}.Debug|Any CPU.Build.0 = Debug|Any CPU
		{0644C16A-369E-41CF-87E6-715483D8C8E2}.Release|Any CPU.ActiveCfg = Release|Any CPU
		{0644C16A-369E-41CF-87E6-715483D8C8E2}.Release|Any CPU.Build.0 = Release|Any CPU
		{04896126-1199-46D5-8F96-6B7FC87B3CCB}.Debug|Any CPU.ActiveCfg = Debug|Any CPU
		{04896126-1199-46D5-8F96-6B7FC87B3CCB}.Debug|Any CPU.Build.0 = Debug|Any CPU
		{04896126-1199-46D5-8F96-6B7FC87B3CCB}.Release|Any CPU.ActiveCfg = Release|Any CPU
		{04896126-1199-46D5-8F96-6B7FC87B3CCB}.Release|Any CPU.Build.0 = Release|Any CPU
		{7F42C40F-DC68-4735-B95D-9EE4992C620D}.Debug|Any CPU.ActiveCfg = Debug|Any CPU
		{7F42C40F-DC68-4735-B95D-9EE4992C620D}.Debug|Any CPU.Build.0 = Debug|Any CPU
		{7F42C40F-DC68-4735-B95D-9EE4992C620D}.Release|Any CPU.ActiveCfg = Release|Any CPU
		{7F42C40F-DC68-4735-B95D-9EE4992C620D}.Release|Any CPU.Build.0 = Release|Any CPU
		{064C1CE9-112A-492C-A6D9-8E7996CB5718}.Debug|Any CPU.ActiveCfg = Debug|Any CPU
		{064C1CE9-112A-492C-A6D9-8E7996CB5718}.Debug|Any CPU.Build.0 = Debug|Any CPU
		{064C1CE9-112A-492C-A6D9-8E7996CB5718}.Release|Any CPU.ActiveCfg = Release|Any CPU
		{064C1CE9-112A-492C-A6D9-8E7996CB5718}.Release|Any CPU.Build.0 = Release|Any CPU
		{EFDAEA48-D69E-4F81-B9C0-1BFE08FA9E63}.Debug|Any CPU.ActiveCfg = Debug|Any CPU
		{EFDAEA48-D69E-4F81-B9C0-1BFE08FA9E63}.Debug|Any CPU.Build.0 = Debug|Any CPU
		{EFDAEA48-D69E-4F81-B9C0-1BFE08FA9E63}.Release|Any CPU.ActiveCfg = Release|Any CPU
		{EFDAEA48-D69E-4F81-B9C0-1BFE08FA9E63}.Release|Any CPU.Build.0 = Release|Any CPU
		{637D65BA-E607-494C-BC8D-72A94F0565FC}.Debug|Any CPU.ActiveCfg = Debug|Any CPU
		{637D65BA-E607-494C-BC8D-72A94F0565FC}.Debug|Any CPU.Build.0 = Debug|Any CPU
		{637D65BA-E607-494C-BC8D-72A94F0565FC}.Release|Any CPU.ActiveCfg = Release|Any CPU
		{637D65BA-E607-494C-BC8D-72A94F0565FC}.Release|Any CPU.Build.0 = Release|Any CPU
		{0B34C95A-6FF8-44E2-84D3-61F954896BA8}.Debug|Any CPU.ActiveCfg = Debug|Any CPU
		{0B34C95A-6FF8-44E2-84D3-61F954896BA8}.Debug|Any CPU.Build.0 = Debug|Any CPU
		{0B34C95A-6FF8-44E2-84D3-61F954896BA8}.Release|Any CPU.ActiveCfg = Release|Any CPU
		{0B34C95A-6FF8-44E2-84D3-61F954896BA8}.Release|Any CPU.Build.0 = Release|Any CPU
		{E1C4CB9B-FB5A-4C55-90EF-6AE85724A175}.Debug|Any CPU.ActiveCfg = Debug|Any CPU
		{E1C4CB9B-FB5A-4C55-90EF-6AE85724A175}.Debug|Any CPU.Build.0 = Debug|Any CPU
		{E1C4CB9B-FB5A-4C55-90EF-6AE85724A175}.Release|Any CPU.ActiveCfg = Release|Any CPU
		{E1C4CB9B-FB5A-4C55-90EF-6AE85724A175}.Release|Any CPU.Build.0 = Release|Any CPU
		{9C21CE1F-6346-424E-B7B8-019625F2C2BB}.Debug|Any CPU.ActiveCfg = Debug|Any CPU
		{9C21CE1F-6346-424E-B7B8-019625F2C2BB}.Debug|Any CPU.Build.0 = Debug|Any CPU
		{9C21CE1F-6346-424E-B7B8-019625F2C2BB}.Release|Any CPU.ActiveCfg = Release|Any CPU
		{9C21CE1F-6346-424E-B7B8-019625F2C2BB}.Release|Any CPU.Build.0 = Release|Any CPU
		{E989DAA4-70DA-4B02-9BBE-5607F8A393AA}.Debug|Any CPU.ActiveCfg = Debug|Any CPU
		{E989DAA4-70DA-4B02-9BBE-5607F8A393AA}.Debug|Any CPU.Build.0 = Debug|Any CPU
		{E989DAA4-70DA-4B02-9BBE-5607F8A393AA}.Release|Any CPU.ActiveCfg = Release|Any CPU
		{E989DAA4-70DA-4B02-9BBE-5607F8A393AA}.Release|Any CPU.Build.0 = Release|Any CPU
		{707A05C0-4366-43CC-AC4C-E519E006E38F}.Debug|Any CPU.ActiveCfg = Debug|Any CPU
		{707A05C0-4366-43CC-AC4C-E519E006E38F}.Debug|Any CPU.Build.0 = Debug|Any CPU
		{707A05C0-4366-43CC-AC4C-E519E006E38F}.Release|Any CPU.ActiveCfg = Release|Any CPU
		{707A05C0-4366-43CC-AC4C-E519E006E38F}.Release|Any CPU.Build.0 = Release|Any CPU
	EndGlobalSection
	GlobalSection(SolutionProperties) = preSolution
		HideSolutionNode = FALSE
	EndGlobalSection
	GlobalSection(NestedProjects) = preSolution
		{7157D3BC-6EF5-4B81-A1FA-4F55F7492631} = {A618494B-2D31-4450-B104-8D10DE7E3BC9}
		{13F639BD-04E9-431C-A6DA-99A820F7870D} = {A618494B-2D31-4450-B104-8D10DE7E3BC9}
		{23E67B8A-FD3A-42B8-BCE2-B9FAA7BB847B} = {AA7867C6-FF0C-4A34-8F88-FB23645121C6}
		{75AF8965-A8A8-4FDC-8B4C-BF1D142FA8DF} = {23E67B8A-FD3A-42B8-BCE2-B9FAA7BB847B}
		{DBCDA997-F191-4B3F-8269-37B40A6B39AB} = {AA7867C6-FF0C-4A34-8F88-FB23645121C6}
		{8E6BC394-1CC4-4313-BCF8-4F4A45D91D2A} = {DBCDA997-F191-4B3F-8269-37B40A6B39AB}
		{70061051-237C-4BD0-95A6-7B5143EF252D} = {AA7867C6-FF0C-4A34-8F88-FB23645121C6}
		{BFA0BA66-2B37-4782-A14A-2BCB484A1491} = {70061051-237C-4BD0-95A6-7B5143EF252D}
		{C71DD257-5375-4027-A15B-4EE15D37137F} = {70061051-237C-4BD0-95A6-7B5143EF252D}
		{1FAFDD6E-EAA1-467C-A6CE-456E3D4A9230} = {341C9E7A-720F-4C4F-AE59-8AA4B7C83561}
		{C2A537AF-A6BA-44AF-B390-81E52012419F} = {AA558377-3E64-4F63-BFEC-5706747D7958}
		{9B55F010-6F67-481F-9612-4A5BB549AE5F} = {AA558377-3E64-4F63-BFEC-5706747D7958}
		{27189260-EF2A-4E64-975E-AE5363683AC8} = {9B55F010-6F67-481F-9612-4A5BB549AE5F}
		{8FD06794-8AE8-4E19-9390-614871CF3BD6} = {9B55F010-6F67-481F-9612-4A5BB549AE5F}
		{0644C16A-369E-41CF-87E6-715483D8C8E2} = {ECFB51E4-C99F-4462-947B-90D84EDF0619}
		{AA1F6809-FD1A-47F2-A93A-D8FA4315571C} = {ECFB51E4-C99F-4462-947B-90D84EDF0619}
		{04896126-1199-46D5-8F96-6B7FC87B3CCB} = {AA1F6809-FD1A-47F2-A93A-D8FA4315571C}
		{7F42C40F-DC68-4735-B95D-9EE4992C620D} = {AA1F6809-FD1A-47F2-A93A-D8FA4315571C}
		{8A840760-7713-42A1-9D6E-C255E2D72456} = {3310DFC7-E3AA-46BA-B6B8-D44F45A298B4}
		{064C1CE9-112A-492C-A6D9-8E7996CB5718} = {8A840760-7713-42A1-9D6E-C255E2D72456}
		{EFDAEA48-D69E-4F81-B9C0-1BFE08FA9E63} = {8A840760-7713-42A1-9D6E-C255E2D72456}
		{637D65BA-E607-494C-BC8D-72A94F0565FC} = {8A840760-7713-42A1-9D6E-C255E2D72456}
		{0B34C95A-6FF8-44E2-84D3-61F954896BA8} = {8A840760-7713-42A1-9D6E-C255E2D72456}
		{E1C4CB9B-FB5A-4C55-90EF-6AE85724A175} = {A9638EA2-CCD3-449A-BBA9-858682223012}
		{9C21CE1F-6346-424E-B7B8-019625F2C2BB} = {6892A40A-0E54-491C-BB41-9DD53CEB435B}
		{CD6782F6-00DF-4CF8-BEAE-0CAA3532E465} = {6892A40A-0E54-491C-BB41-9DD53CEB435B}
		{E989DAA4-70DA-4B02-9BBE-5607F8A393AA} = {CD6782F6-00DF-4CF8-BEAE-0CAA3532E465}
		{707A05C0-4366-43CC-AC4C-E519E006E38F} = {CD6782F6-00DF-4CF8-BEAE-0CAA3532E465}
	EndGlobalSection
	GlobalSection(ExtensibilityGlobals) = postSolution
		SolutionGuid = {92AAEDCC-0036-4922-B3B9-E5FCC55D3987}
	EndGlobalSection
EndGlobal
